
Microsoft Visual Studio Solution File, Format Version 12.00
# Visual Studio 14
VisualStudioVersion = 14.0.25420.1
MinimumVisualStudioVersion = 10.0.40219.1
Project("{FAE04EC0-301F-11D3-BF4B-00C04F79EFBC}") = "VeraControl.PCL", "VeraControl.PCL.csproj", "{CD3397B7-7B84-447C-A311-DD8960F0FE67}"
EndProject
Project("{2150E333-8FDC-42A3-9474-1A3956D46DE8}") = "CrossPlatform", "CrossPlatform", "{4BBD553B-38CC-4853-9A8D-6180ED26082A}"
EndProject
Project("{2150E333-8FDC-42A3-9474-1A3956D46DE8}") = "Foundation", "Foundation", "{C606466A-9152-47E3-9E40-2EF5D63DFD6D}"
EndProject
Project("{FAE04EC0-301F-11D3-BF4B-00C04F79EFBC}") = "IVeraControl.PCL", "..\IVeraControl.PCL\IVeraControl.PCL.csproj", "{AC272905-9B1B-413E-A2B2-7B9175878E41}"
EndProject
Project("{FAE04EC0-301F-11D3-BF4B-00C04F79EFBC}") = "VeraControl.Android", "CrossPlatform\VeraControl.Android\VeraControl.Android.csproj", "{3527AD7B-BDC6-4848-A7F6-401644AD711E}"
EndProject
Project("{FAE04EC0-301F-11D3-BF4B-00C04F79EFBC}") = "VeraControl.UWP", "CrossPlatform\VeraControl.UWP\VeraControl.UWP.csproj", "{AFC7F3FD-C561-4682-A024-8892486B4405}"
EndProject
Project("{FAE04EC0-301F-11D3-BF4B-00C04F79EFBC}") = "VeraControl.iOS", "CrossPlatform\VeraControl.iOS\VeraControl.iOS.csproj", "{1DD2D626-F726-47F6-9113-5609E13A588C}"
EndProject
Project("{FAE04EC0-301F-11D3-BF4B-00C04F79EFBC}") = "VeraControl.NET", "Foundation\VeraControl.NET\VeraControl.NET.csproj", "{03D10FCF-F5FA-41D4-BE6E-DBFA385C330C}"
EndProject
Project("{FAE04EC0-301F-11D3-BF4B-00C04F79EFBC}") = "VeraControl.WinRT", "Foundation\VeraControl.WinRT\VeraControl.WinRT.csproj", "{497006A4-65CA-46C7-9B69-0FF5155BDC09}"
EndProject
Project("{FAE04EC0-301F-11D3-BF4B-00C04F79EFBC}") = "VeraControl.Shared", "Foundation\VeraControl.Shared\VeraControl.Shared.csproj", "{5F11FB95-B2D4-4260-9C9A-A2BC5AF052DD}"
EndProject
Project("{2150E333-8FDC-42A3-9474-1A3956D46DE8}") = "Test", "Test", "{CBA7884A-83B2-4064-AE08-894D627368EA}"
EndProject
Project("{FAE04EC0-301F-11D3-BF4B-00C04F79EFBC}") = "ConsoleTest.NET", "..\..\test\ConsoleTest.NET\ConsoleTest.NET.csproj", "{13E72482-280A-4814-806E-BE05B2EE4963}"
EndProject
Project("{FAE04EC0-301F-11D3-BF4B-00C04F79EFBC}") = "Test.UWP", "..\..\test\Test.UWP\Test.UWP.csproj", "{45E5971F-6C23-483B-B535-B5FB4BAFF64C}"
EndProject
Project("{2150E333-8FDC-42A3-9474-1A3956D46DE8}") = "UpnpModels", "UpnpModels", "{89C542CB-AC08-4085-A5D6-6A6F2ED31623}"
EndProject
Project("{FAE04EC0-301F-11D3-BF4B-00C04F79EFBC}") = "UpnpModels", "..\Upnp\UpnpModels\UpnpModels.csproj", "{E83B251B-676E-4109-B1A7-E101AB3F0637}"
EndProject
Project("{2150E333-8FDC-42A3-9474-1A3956D46DE8}") = "Github", "Github", "{8A19A0E7-5BA5-4E7C-83FF-BB62ADE6D0C2}"
	ProjectSection(SolutionItems) = preProject
		..\..\..\license.md = ..\..\..\license.md
		..\..\..\README.md = ..\..\..\README.md
	EndProjectSection
EndProject
Project("{2150E333-8FDC-42A3-9474-1A3956D46DE8}") = "NuGet", "NuGet", "{12B43A02-2B1C-4F8D-9809-0C29A628725E}"
	ProjectSection(SolutionItems) = preProject
		..\..\build\build.ps1 = ..\..\build\build.ps1
		..\..\build\publish.ps1 = ..\..\build\publish.ps1
		VeraControl.PCL.nuspec = VeraControl.PCL.nuspec
	EndProjectSection
EndProject
Global
	GlobalSection(SolutionConfigurationPlatforms) = preSolution
		Ad-Hoc|Any CPU = Ad-Hoc|Any CPU
		Ad-Hoc|ARM = Ad-Hoc|ARM
		Ad-Hoc|iPhone = Ad-Hoc|iPhone
		Ad-Hoc|iPhoneSimulator = Ad-Hoc|iPhoneSimulator
		Ad-Hoc|x64 = Ad-Hoc|x64
		Ad-Hoc|x86 = Ad-Hoc|x86
		AppStore|Any CPU = AppStore|Any CPU
		AppStore|ARM = AppStore|ARM
		AppStore|iPhone = AppStore|iPhone
		AppStore|iPhoneSimulator = AppStore|iPhoneSimulator
		AppStore|x64 = AppStore|x64
		AppStore|x86 = AppStore|x86
		Debug|Any CPU = Debug|Any CPU
		Debug|ARM = Debug|ARM
		Debug|iPhone = Debug|iPhone
		Debug|iPhoneSimulator = Debug|iPhoneSimulator
		Debug|x64 = Debug|x64
		Debug|x86 = Debug|x86
		Release|Any CPU = Release|Any CPU
		Release|ARM = Release|ARM
		Release|iPhone = Release|iPhone
		Release|iPhoneSimulator = Release|iPhoneSimulator
		Release|x64 = Release|x64
		Release|x86 = Release|x86
	EndGlobalSection
	GlobalSection(ProjectConfigurationPlatforms) = postSolution
		{CD3397B7-7B84-447C-A311-DD8960F0FE67}.Ad-Hoc|Any CPU.ActiveCfg = Release|Any CPU
		{CD3397B7-7B84-447C-A311-DD8960F0FE67}.Ad-Hoc|Any CPU.Build.0 = Release|Any CPU
		{CD3397B7-7B84-447C-A311-DD8960F0FE67}.Ad-Hoc|ARM.ActiveCfg = Release|Any CPU
		{CD3397B7-7B84-447C-A311-DD8960F0FE67}.Ad-Hoc|ARM.Build.0 = Release|Any CPU
		{CD3397B7-7B84-447C-A311-DD8960F0FE67}.Ad-Hoc|iPhone.ActiveCfg = Release|Any CPU
		{CD3397B7-7B84-447C-A311-DD8960F0FE67}.Ad-Hoc|iPhone.Build.0 = Release|Any CPU
		{CD3397B7-7B84-447C-A311-DD8960F0FE67}.Ad-Hoc|iPhoneSimulator.ActiveCfg = Release|Any CPU
		{CD3397B7-7B84-447C-A311-DD8960F0FE67}.Ad-Hoc|iPhoneSimulator.Build.0 = Release|Any CPU
		{CD3397B7-7B84-447C-A311-DD8960F0FE67}.Ad-Hoc|x64.ActiveCfg = Release|Any CPU
		{CD3397B7-7B84-447C-A311-DD8960F0FE67}.Ad-Hoc|x64.Build.0 = Release|Any CPU
		{CD3397B7-7B84-447C-A311-DD8960F0FE67}.Ad-Hoc|x86.ActiveCfg = Release|Any CPU
		{CD3397B7-7B84-447C-A311-DD8960F0FE67}.Ad-Hoc|x86.Build.0 = Release|Any CPU
		{CD3397B7-7B84-447C-A311-DD8960F0FE67}.AppStore|Any CPU.ActiveCfg = Release|Any CPU
		{CD3397B7-7B84-447C-A311-DD8960F0FE67}.AppStore|Any CPU.Build.0 = Release|Any CPU
		{CD3397B7-7B84-447C-A311-DD8960F0FE67}.AppStore|ARM.ActiveCfg = Release|Any CPU
		{CD3397B7-7B84-447C-A311-DD8960F0FE67}.AppStore|ARM.Build.0 = Release|Any CPU
		{CD3397B7-7B84-447C-A311-DD8960F0FE67}.AppStore|iPhone.ActiveCfg = Release|Any CPU
		{CD3397B7-7B84-447C-A311-DD8960F0FE67}.AppStore|iPhone.Build.0 = Release|Any CPU
		{CD3397B7-7B84-447C-A311-DD8960F0FE67}.AppStore|iPhoneSimulator.ActiveCfg = Release|Any CPU
		{CD3397B7-7B84-447C-A311-DD8960F0FE67}.AppStore|iPhoneSimulator.Build.0 = Release|Any CPU
		{CD3397B7-7B84-447C-A311-DD8960F0FE67}.AppStore|x64.ActiveCfg = Release|Any CPU
		{CD3397B7-7B84-447C-A311-DD8960F0FE67}.AppStore|x64.Build.0 = Release|Any CPU
		{CD3397B7-7B84-447C-A311-DD8960F0FE67}.AppStore|x86.ActiveCfg = Release|Any CPU
		{CD3397B7-7B84-447C-A311-DD8960F0FE67}.AppStore|x86.Build.0 = Release|Any CPU
		{CD3397B7-7B84-447C-A311-DD8960F0FE67}.Debug|Any CPU.ActiveCfg = Debug|Any CPU
		{CD3397B7-7B84-447C-A311-DD8960F0FE67}.Debug|Any CPU.Build.0 = Debug|Any CPU
		{CD3397B7-7B84-447C-A311-DD8960F0FE67}.Debug|ARM.ActiveCfg = Debug|Any CPU
		{CD3397B7-7B84-447C-A311-DD8960F0FE67}.Debug|ARM.Build.0 = Debug|Any CPU
		{CD3397B7-7B84-447C-A311-DD8960F0FE67}.Debug|iPhone.ActiveCfg = Debug|Any CPU
		{CD3397B7-7B84-447C-A311-DD8960F0FE67}.Debug|iPhone.Build.0 = Debug|Any CPU
		{CD3397B7-7B84-447C-A311-DD8960F0FE67}.Debug|iPhoneSimulator.ActiveCfg = Debug|Any CPU
		{CD3397B7-7B84-447C-A311-DD8960F0FE67}.Debug|iPhoneSimulator.Build.0 = Debug|Any CPU
		{CD3397B7-7B84-447C-A311-DD8960F0FE67}.Debug|x64.ActiveCfg = Debug|Any CPU
		{CD3397B7-7B84-447C-A311-DD8960F0FE67}.Debug|x64.Build.0 = Debug|Any CPU
		{CD3397B7-7B84-447C-A311-DD8960F0FE67}.Debug|x86.ActiveCfg = Debug|Any CPU
		{CD3397B7-7B84-447C-A311-DD8960F0FE67}.Debug|x86.Build.0 = Debug|Any CPU
		{CD3397B7-7B84-447C-A311-DD8960F0FE67}.Release|Any CPU.ActiveCfg = Release|Any CPU
		{CD3397B7-7B84-447C-A311-DD8960F0FE67}.Release|Any CPU.Build.0 = Release|Any CPU
		{CD3397B7-7B84-447C-A311-DD8960F0FE67}.Release|ARM.ActiveCfg = Release|Any CPU
		{CD3397B7-7B84-447C-A311-DD8960F0FE67}.Release|ARM.Build.0 = Release|Any CPU
		{CD3397B7-7B84-447C-A311-DD8960F0FE67}.Release|iPhone.ActiveCfg = Release|Any CPU
		{CD3397B7-7B84-447C-A311-DD8960F0FE67}.Release|iPhone.Build.0 = Release|Any CPU
		{CD3397B7-7B84-447C-A311-DD8960F0FE67}.Release|iPhoneSimulator.ActiveCfg = Release|Any CPU
		{CD3397B7-7B84-447C-A311-DD8960F0FE67}.Release|iPhoneSimulator.Build.0 = Release|Any CPU
		{CD3397B7-7B84-447C-A311-DD8960F0FE67}.Release|x64.ActiveCfg = Release|Any CPU
		{CD3397B7-7B84-447C-A311-DD8960F0FE67}.Release|x64.Build.0 = Release|Any CPU
		{CD3397B7-7B84-447C-A311-DD8960F0FE67}.Release|x86.ActiveCfg = Release|Any CPU
		{CD3397B7-7B84-447C-A311-DD8960F0FE67}.Release|x86.Build.0 = Release|Any CPU
		{AC272905-9B1B-413E-A2B2-7B9175878E41}.Ad-Hoc|Any CPU.ActiveCfg = Release|Any CPU
		{AC272905-9B1B-413E-A2B2-7B9175878E41}.Ad-Hoc|Any CPU.Build.0 = Release|Any CPU
		{AC272905-9B1B-413E-A2B2-7B9175878E41}.Ad-Hoc|ARM.ActiveCfg = Release|Any CPU
		{AC272905-9B1B-413E-A2B2-7B9175878E41}.Ad-Hoc|ARM.Build.0 = Release|Any CPU
		{AC272905-9B1B-413E-A2B2-7B9175878E41}.Ad-Hoc|iPhone.ActiveCfg = Release|Any CPU
		{AC272905-9B1B-413E-A2B2-7B9175878E41}.Ad-Hoc|iPhone.Build.0 = Release|Any CPU
		{AC272905-9B1B-413E-A2B2-7B9175878E41}.Ad-Hoc|iPhoneSimulator.ActiveCfg = Release|Any CPU
		{AC272905-9B1B-413E-A2B2-7B9175878E41}.Ad-Hoc|iPhoneSimulator.Build.0 = Release|Any CPU
		{AC272905-9B1B-413E-A2B2-7B9175878E41}.Ad-Hoc|x64.ActiveCfg = Release|Any CPU
		{AC272905-9B1B-413E-A2B2-7B9175878E41}.Ad-Hoc|x64.Build.0 = Release|Any CPU
		{AC272905-9B1B-413E-A2B2-7B9175878E41}.Ad-Hoc|x86.ActiveCfg = Release|Any CPU
		{AC272905-9B1B-413E-A2B2-7B9175878E41}.Ad-Hoc|x86.Build.0 = Release|Any CPU
		{AC272905-9B1B-413E-A2B2-7B9175878E41}.AppStore|Any CPU.ActiveCfg = Release|Any CPU
		{AC272905-9B1B-413E-A2B2-7B9175878E41}.AppStore|Any CPU.Build.0 = Release|Any CPU
		{AC272905-9B1B-413E-A2B2-7B9175878E41}.AppStore|ARM.ActiveCfg = Release|Any CPU
		{AC272905-9B1B-413E-A2B2-7B9175878E41}.AppStore|ARM.Build.0 = Release|Any CPU
		{AC272905-9B1B-413E-A2B2-7B9175878E41}.AppStore|iPhone.ActiveCfg = Release|Any CPU
		{AC272905-9B1B-413E-A2B2-7B9175878E41}.AppStore|iPhone.Build.0 = Release|Any CPU
		{AC272905-9B1B-413E-A2B2-7B9175878E41}.AppStore|iPhoneSimulator.ActiveCfg = Release|Any CPU
		{AC272905-9B1B-413E-A2B2-7B9175878E41}.AppStore|iPhoneSimulator.Build.0 = Release|Any CPU
		{AC272905-9B1B-413E-A2B2-7B9175878E41}.AppStore|x64.ActiveCfg = Release|Any CPU
		{AC272905-9B1B-413E-A2B2-7B9175878E41}.AppStore|x64.Build.0 = Release|Any CPU
		{AC272905-9B1B-413E-A2B2-7B9175878E41}.AppStore|x86.ActiveCfg = Release|Any CPU
		{AC272905-9B1B-413E-A2B2-7B9175878E41}.AppStore|x86.Build.0 = Release|Any CPU
		{AC272905-9B1B-413E-A2B2-7B9175878E41}.Debug|Any CPU.ActiveCfg = Debug|Any CPU
		{AC272905-9B1B-413E-A2B2-7B9175878E41}.Debug|Any CPU.Build.0 = Debug|Any CPU
		{AC272905-9B1B-413E-A2B2-7B9175878E41}.Debug|ARM.ActiveCfg = Debug|Any CPU
		{AC272905-9B1B-413E-A2B2-7B9175878E41}.Debug|ARM.Build.0 = Debug|Any CPU
		{AC272905-9B1B-413E-A2B2-7B9175878E41}.Debug|iPhone.ActiveCfg = Debug|Any CPU
		{AC272905-9B1B-413E-A2B2-7B9175878E41}.Debug|iPhone.Build.0 = Debug|Any CPU
		{AC272905-9B1B-413E-A2B2-7B9175878E41}.Debug|iPhoneSimulator.ActiveCfg = Debug|Any CPU
		{AC272905-9B1B-413E-A2B2-7B9175878E41}.Debug|iPhoneSimulator.Build.0 = Debug|Any CPU
		{AC272905-9B1B-413E-A2B2-7B9175878E41}.Debug|x64.ActiveCfg = Debug|Any CPU
		{AC272905-9B1B-413E-A2B2-7B9175878E41}.Debug|x64.Build.0 = Debug|Any CPU
		{AC272905-9B1B-413E-A2B2-7B9175878E41}.Debug|x86.ActiveCfg = Debug|Any CPU
		{AC272905-9B1B-413E-A2B2-7B9175878E41}.Debug|x86.Build.0 = Debug|Any CPU
		{AC272905-9B1B-413E-A2B2-7B9175878E41}.Release|Any CPU.ActiveCfg = Release|Any CPU
		{AC272905-9B1B-413E-A2B2-7B9175878E41}.Release|Any CPU.Build.0 = Release|Any CPU
		{AC272905-9B1B-413E-A2B2-7B9175878E41}.Release|ARM.ActiveCfg = Release|Any CPU
		{AC272905-9B1B-413E-A2B2-7B9175878E41}.Release|ARM.Build.0 = Release|Any CPU
		{AC272905-9B1B-413E-A2B2-7B9175878E41}.Release|iPhone.ActiveCfg = Release|Any CPU
		{AC272905-9B1B-413E-A2B2-7B9175878E41}.Release|iPhone.Build.0 = Release|Any CPU
		{AC272905-9B1B-413E-A2B2-7B9175878E41}.Release|iPhoneSimulator.ActiveCfg = Release|Any CPU
		{AC272905-9B1B-413E-A2B2-7B9175878E41}.Release|iPhoneSimulator.Build.0 = Release|Any CPU
		{AC272905-9B1B-413E-A2B2-7B9175878E41}.Release|x64.ActiveCfg = Release|Any CPU
		{AC272905-9B1B-413E-A2B2-7B9175878E41}.Release|x64.Build.0 = Release|Any CPU
		{AC272905-9B1B-413E-A2B2-7B9175878E41}.Release|x86.ActiveCfg = Release|Any CPU
		{AC272905-9B1B-413E-A2B2-7B9175878E41}.Release|x86.Build.0 = Release|Any CPU
		{3527AD7B-BDC6-4848-A7F6-401644AD711E}.Ad-Hoc|Any CPU.ActiveCfg = Release|Any CPU
		{3527AD7B-BDC6-4848-A7F6-401644AD711E}.Ad-Hoc|Any CPU.Build.0 = Release|Any CPU
		{3527AD7B-BDC6-4848-A7F6-401644AD711E}.Ad-Hoc|ARM.ActiveCfg = Release|Any CPU
		{3527AD7B-BDC6-4848-A7F6-401644AD711E}.Ad-Hoc|ARM.Build.0 = Release|Any CPU
		{3527AD7B-BDC6-4848-A7F6-401644AD711E}.Ad-Hoc|iPhone.ActiveCfg = Release|Any CPU
		{3527AD7B-BDC6-4848-A7F6-401644AD711E}.Ad-Hoc|iPhone.Build.0 = Release|Any CPU
		{3527AD7B-BDC6-4848-A7F6-401644AD711E}.Ad-Hoc|iPhoneSimulator.ActiveCfg = Release|Any CPU
		{3527AD7B-BDC6-4848-A7F6-401644AD711E}.Ad-Hoc|iPhoneSimulator.Build.0 = Release|Any CPU
		{3527AD7B-BDC6-4848-A7F6-401644AD711E}.Ad-Hoc|x64.ActiveCfg = Release|Any CPU
		{3527AD7B-BDC6-4848-A7F6-401644AD711E}.Ad-Hoc|x64.Build.0 = Release|Any CPU
		{3527AD7B-BDC6-4848-A7F6-401644AD711E}.Ad-Hoc|x86.ActiveCfg = Release|Any CPU
		{3527AD7B-BDC6-4848-A7F6-401644AD711E}.Ad-Hoc|x86.Build.0 = Release|Any CPU
		{3527AD7B-BDC6-4848-A7F6-401644AD711E}.AppStore|Any CPU.ActiveCfg = Release|Any CPU
		{3527AD7B-BDC6-4848-A7F6-401644AD711E}.AppStore|Any CPU.Build.0 = Release|Any CPU
		{3527AD7B-BDC6-4848-A7F6-401644AD711E}.AppStore|ARM.ActiveCfg = Release|Any CPU
		{3527AD7B-BDC6-4848-A7F6-401644AD711E}.AppStore|ARM.Build.0 = Release|Any CPU
		{3527AD7B-BDC6-4848-A7F6-401644AD711E}.AppStore|iPhone.ActiveCfg = Release|Any CPU
		{3527AD7B-BDC6-4848-A7F6-401644AD711E}.AppStore|iPhone.Build.0 = Release|Any CPU
		{3527AD7B-BDC6-4848-A7F6-401644AD711E}.AppStore|iPhoneSimulator.ActiveCfg = Release|Any CPU
		{3527AD7B-BDC6-4848-A7F6-401644AD711E}.AppStore|iPhoneSimulator.Build.0 = Release|Any CPU
		{3527AD7B-BDC6-4848-A7F6-401644AD711E}.AppStore|x64.ActiveCfg = Release|Any CPU
		{3527AD7B-BDC6-4848-A7F6-401644AD711E}.AppStore|x64.Build.0 = Release|Any CPU
		{3527AD7B-BDC6-4848-A7F6-401644AD711E}.AppStore|x86.ActiveCfg = Release|Any CPU
		{3527AD7B-BDC6-4848-A7F6-401644AD711E}.AppStore|x86.Build.0 = Release|Any CPU
		{3527AD7B-BDC6-4848-A7F6-401644AD711E}.Debug|Any CPU.ActiveCfg = Debug|Any CPU
		{3527AD7B-BDC6-4848-A7F6-401644AD711E}.Debug|Any CPU.Build.0 = Debug|Any CPU
		{3527AD7B-BDC6-4848-A7F6-401644AD711E}.Debug|ARM.ActiveCfg = Debug|Any CPU
		{3527AD7B-BDC6-4848-A7F6-401644AD711E}.Debug|ARM.Build.0 = Debug|Any CPU
		{3527AD7B-BDC6-4848-A7F6-401644AD711E}.Debug|iPhone.ActiveCfg = Debug|Any CPU
		{3527AD7B-BDC6-4848-A7F6-401644AD711E}.Debug|iPhone.Build.0 = Debug|Any CPU
		{3527AD7B-BDC6-4848-A7F6-401644AD711E}.Debug|iPhoneSimulator.ActiveCfg = Debug|Any CPU
		{3527AD7B-BDC6-4848-A7F6-401644AD711E}.Debug|iPhoneSimulator.Build.0 = Debug|Any CPU
		{3527AD7B-BDC6-4848-A7F6-401644AD711E}.Debug|x64.ActiveCfg = Debug|Any CPU
		{3527AD7B-BDC6-4848-A7F6-401644AD711E}.Debug|x64.Build.0 = Debug|Any CPU
		{3527AD7B-BDC6-4848-A7F6-401644AD711E}.Debug|x86.ActiveCfg = Debug|Any CPU
		{3527AD7B-BDC6-4848-A7F6-401644AD711E}.Debug|x86.Build.0 = Debug|Any CPU
		{3527AD7B-BDC6-4848-A7F6-401644AD711E}.Release|Any CPU.ActiveCfg = Release|Any CPU
		{3527AD7B-BDC6-4848-A7F6-401644AD711E}.Release|Any CPU.Build.0 = Release|Any CPU
		{3527AD7B-BDC6-4848-A7F6-401644AD711E}.Release|ARM.ActiveCfg = Release|Any CPU
		{3527AD7B-BDC6-4848-A7F6-401644AD711E}.Release|ARM.Build.0 = Release|Any CPU
		{3527AD7B-BDC6-4848-A7F6-401644AD711E}.Release|iPhone.ActiveCfg = Release|Any CPU
		{3527AD7B-BDC6-4848-A7F6-401644AD711E}.Release|iPhone.Build.0 = Release|Any CPU
		{3527AD7B-BDC6-4848-A7F6-401644AD711E}.Release|iPhoneSimulator.ActiveCfg = Release|Any CPU
		{3527AD7B-BDC6-4848-A7F6-401644AD711E}.Release|iPhoneSimulator.Build.0 = Release|Any CPU
		{3527AD7B-BDC6-4848-A7F6-401644AD711E}.Release|x64.ActiveCfg = Release|Any CPU
		{3527AD7B-BDC6-4848-A7F6-401644AD711E}.Release|x64.Build.0 = Release|Any CPU
		{3527AD7B-BDC6-4848-A7F6-401644AD711E}.Release|x86.ActiveCfg = Release|Any CPU
		{3527AD7B-BDC6-4848-A7F6-401644AD711E}.Release|x86.Build.0 = Release|Any CPU
		{AFC7F3FD-C561-4682-A024-8892486B4405}.Ad-Hoc|Any CPU.ActiveCfg = Release|Any CPU
		{AFC7F3FD-C561-4682-A024-8892486B4405}.Ad-Hoc|Any CPU.Build.0 = Release|Any CPU
		{AFC7F3FD-C561-4682-A024-8892486B4405}.Ad-Hoc|ARM.ActiveCfg = Release|ARM
		{AFC7F3FD-C561-4682-A024-8892486B4405}.Ad-Hoc|ARM.Build.0 = Release|ARM
		{AFC7F3FD-C561-4682-A024-8892486B4405}.Ad-Hoc|iPhone.ActiveCfg = Release|Any CPU
		{AFC7F3FD-C561-4682-A024-8892486B4405}.Ad-Hoc|iPhone.Build.0 = Release|Any CPU
		{AFC7F3FD-C561-4682-A024-8892486B4405}.Ad-Hoc|iPhoneSimulator.ActiveCfg = Release|Any CPU
		{AFC7F3FD-C561-4682-A024-8892486B4405}.Ad-Hoc|iPhoneSimulator.Build.0 = Release|Any CPU
		{AFC7F3FD-C561-4682-A024-8892486B4405}.Ad-Hoc|x64.ActiveCfg = Release|x64
		{AFC7F3FD-C561-4682-A024-8892486B4405}.Ad-Hoc|x64.Build.0 = Release|x64
		{AFC7F3FD-C561-4682-A024-8892486B4405}.Ad-Hoc|x86.ActiveCfg = Release|x86
		{AFC7F3FD-C561-4682-A024-8892486B4405}.Ad-Hoc|x86.Build.0 = Release|x86
		{AFC7F3FD-C561-4682-A024-8892486B4405}.AppStore|Any CPU.ActiveCfg = Release|Any CPU
		{AFC7F3FD-C561-4682-A024-8892486B4405}.AppStore|Any CPU.Build.0 = Release|Any CPU
		{AFC7F3FD-C561-4682-A024-8892486B4405}.AppStore|ARM.ActiveCfg = Release|ARM
		{AFC7F3FD-C561-4682-A024-8892486B4405}.AppStore|ARM.Build.0 = Release|ARM
		{AFC7F3FD-C561-4682-A024-8892486B4405}.AppStore|iPhone.ActiveCfg = Release|Any CPU
		{AFC7F3FD-C561-4682-A024-8892486B4405}.AppStore|iPhone.Build.0 = Release|Any CPU
		{AFC7F3FD-C561-4682-A024-8892486B4405}.AppStore|iPhoneSimulator.ActiveCfg = Release|Any CPU
		{AFC7F3FD-C561-4682-A024-8892486B4405}.AppStore|iPhoneSimulator.Build.0 = Release|Any CPU
		{AFC7F3FD-C561-4682-A024-8892486B4405}.AppStore|x64.ActiveCfg = Release|x64
		{AFC7F3FD-C561-4682-A024-8892486B4405}.AppStore|x64.Build.0 = Release|x64
		{AFC7F3FD-C561-4682-A024-8892486B4405}.AppStore|x86.ActiveCfg = Release|x86
		{AFC7F3FD-C561-4682-A024-8892486B4405}.AppStore|x86.Build.0 = Release|x86
		{AFC7F3FD-C561-4682-A024-8892486B4405}.Debug|Any CPU.ActiveCfg = Debug|Any CPU
		{AFC7F3FD-C561-4682-A024-8892486B4405}.Debug|Any CPU.Build.0 = Debug|Any CPU
		{AFC7F3FD-C561-4682-A024-8892486B4405}.Debug|ARM.ActiveCfg = Debug|ARM
		{AFC7F3FD-C561-4682-A024-8892486B4405}.Debug|ARM.Build.0 = Debug|ARM
		{AFC7F3FD-C561-4682-A024-8892486B4405}.Debug|iPhone.ActiveCfg = Debug|Any CPU
		{AFC7F3FD-C561-4682-A024-8892486B4405}.Debug|iPhone.Build.0 = Debug|Any CPU
		{AFC7F3FD-C561-4682-A024-8892486B4405}.Debug|iPhoneSimulator.ActiveCfg = Debug|Any CPU
		{AFC7F3FD-C561-4682-A024-8892486B4405}.Debug|iPhoneSimulator.Build.0 = Debug|Any CPU
		{AFC7F3FD-C561-4682-A024-8892486B4405}.Debug|x64.ActiveCfg = Debug|x64
		{AFC7F3FD-C561-4682-A024-8892486B4405}.Debug|x64.Build.0 = Debug|x64
		{AFC7F3FD-C561-4682-A024-8892486B4405}.Debug|x86.ActiveCfg = Debug|x86
		{AFC7F3FD-C561-4682-A024-8892486B4405}.Debug|x86.Build.0 = Debug|x86
		{AFC7F3FD-C561-4682-A024-8892486B4405}.Release|Any CPU.ActiveCfg = Release|Any CPU
		{AFC7F3FD-C561-4682-A024-8892486B4405}.Release|Any CPU.Build.0 = Release|Any CPU
		{AFC7F3FD-C561-4682-A024-8892486B4405}.Release|ARM.ActiveCfg = Release|ARM
		{AFC7F3FD-C561-4682-A024-8892486B4405}.Release|ARM.Build.0 = Release|ARM
		{AFC7F3FD-C561-4682-A024-8892486B4405}.Release|iPhone.ActiveCfg = Release|Any CPU
		{AFC7F3FD-C561-4682-A024-8892486B4405}.Release|iPhone.Build.0 = Release|Any CPU
		{AFC7F3FD-C561-4682-A024-8892486B4405}.Release|iPhoneSimulator.ActiveCfg = Release|Any CPU
		{AFC7F3FD-C561-4682-A024-8892486B4405}.Release|iPhoneSimulator.Build.0 = Release|Any CPU
		{AFC7F3FD-C561-4682-A024-8892486B4405}.Release|x64.ActiveCfg = Release|x64
		{AFC7F3FD-C561-4682-A024-8892486B4405}.Release|x64.Build.0 = Release|x64
		{AFC7F3FD-C561-4682-A024-8892486B4405}.Release|x86.ActiveCfg = Release|x86
		{AFC7F3FD-C561-4682-A024-8892486B4405}.Release|x86.Build.0 = Release|x86
		{1DD2D626-F726-47F6-9113-5609E13A588C}.Ad-Hoc|Any CPU.ActiveCfg = Release|Any CPU
		{1DD2D626-F726-47F6-9113-5609E13A588C}.Ad-Hoc|Any CPU.Build.0 = Release|Any CPU
		{1DD2D626-F726-47F6-9113-5609E13A588C}.Ad-Hoc|ARM.ActiveCfg = Release|Any CPU
		{1DD2D626-F726-47F6-9113-5609E13A588C}.Ad-Hoc|ARM.Build.0 = Release|Any CPU
		{1DD2D626-F726-47F6-9113-5609E13A588C}.Ad-Hoc|iPhone.ActiveCfg = Release|Any CPU
		{1DD2D626-F726-47F6-9113-5609E13A588C}.Ad-Hoc|iPhone.Build.0 = Release|Any CPU
		{1DD2D626-F726-47F6-9113-5609E13A588C}.Ad-Hoc|iPhoneSimulator.ActiveCfg = Release|Any CPU
		{1DD2D626-F726-47F6-9113-5609E13A588C}.Ad-Hoc|iPhoneSimulator.Build.0 = Release|Any CPU
		{1DD2D626-F726-47F6-9113-5609E13A588C}.Ad-Hoc|x64.ActiveCfg = Release|Any CPU
		{1DD2D626-F726-47F6-9113-5609E13A588C}.Ad-Hoc|x64.Build.0 = Release|Any CPU
		{1DD2D626-F726-47F6-9113-5609E13A588C}.Ad-Hoc|x86.ActiveCfg = Release|Any CPU
		{1DD2D626-F726-47F6-9113-5609E13A588C}.Ad-Hoc|x86.Build.0 = Release|Any CPU
		{1DD2D626-F726-47F6-9113-5609E13A588C}.AppStore|Any CPU.ActiveCfg = Release|Any CPU
		{1DD2D626-F726-47F6-9113-5609E13A588C}.AppStore|Any CPU.Build.0 = Release|Any CPU
		{1DD2D626-F726-47F6-9113-5609E13A588C}.AppStore|ARM.ActiveCfg = Release|Any CPU
		{1DD2D626-F726-47F6-9113-5609E13A588C}.AppStore|ARM.Build.0 = Release|Any CPU
		{1DD2D626-F726-47F6-9113-5609E13A588C}.AppStore|iPhone.ActiveCfg = Release|Any CPU
		{1DD2D626-F726-47F6-9113-5609E13A588C}.AppStore|iPhone.Build.0 = Release|Any CPU
		{1DD2D626-F726-47F6-9113-5609E13A588C}.AppStore|iPhoneSimulator.ActiveCfg = Release|Any CPU
		{1DD2D626-F726-47F6-9113-5609E13A588C}.AppStore|iPhoneSimulator.Build.0 = Release|Any CPU
		{1DD2D626-F726-47F6-9113-5609E13A588C}.AppStore|x64.ActiveCfg = Release|Any CPU
		{1DD2D626-F726-47F6-9113-5609E13A588C}.AppStore|x64.Build.0 = Release|Any CPU
		{1DD2D626-F726-47F6-9113-5609E13A588C}.AppStore|x86.ActiveCfg = Release|Any CPU
		{1DD2D626-F726-47F6-9113-5609E13A588C}.AppStore|x86.Build.0 = Release|Any CPU
		{1DD2D626-F726-47F6-9113-5609E13A588C}.Debug|Any CPU.ActiveCfg = Debug|Any CPU
		{1DD2D626-F726-47F6-9113-5609E13A588C}.Debug|Any CPU.Build.0 = Debug|Any CPU
		{1DD2D626-F726-47F6-9113-5609E13A588C}.Debug|ARM.ActiveCfg = Debug|Any CPU
		{1DD2D626-F726-47F6-9113-5609E13A588C}.Debug|ARM.Build.0 = Debug|Any CPU
		{1DD2D626-F726-47F6-9113-5609E13A588C}.Debug|iPhone.ActiveCfg = Debug|Any CPU
		{1DD2D626-F726-47F6-9113-5609E13A588C}.Debug|iPhone.Build.0 = Debug|Any CPU
		{1DD2D626-F726-47F6-9113-5609E13A588C}.Debug|iPhoneSimulator.ActiveCfg = Debug|Any CPU
		{1DD2D626-F726-47F6-9113-5609E13A588C}.Debug|iPhoneSimulator.Build.0 = Debug|Any CPU
		{1DD2D626-F726-47F6-9113-5609E13A588C}.Debug|x64.ActiveCfg = Debug|Any CPU
		{1DD2D626-F726-47F6-9113-5609E13A588C}.Debug|x64.Build.0 = Debug|Any CPU
		{1DD2D626-F726-47F6-9113-5609E13A588C}.Debug|x86.ActiveCfg = Debug|Any CPU
		{1DD2D626-F726-47F6-9113-5609E13A588C}.Debug|x86.Build.0 = Debug|Any CPU
		{1DD2D626-F726-47F6-9113-5609E13A588C}.Release|Any CPU.ActiveCfg = Release|Any CPU
		{1DD2D626-F726-47F6-9113-5609E13A588C}.Release|Any CPU.Build.0 = Release|Any CPU
		{1DD2D626-F726-47F6-9113-5609E13A588C}.Release|ARM.ActiveCfg = Release|Any CPU
		{1DD2D626-F726-47F6-9113-5609E13A588C}.Release|ARM.Build.0 = Release|Any CPU
		{1DD2D626-F726-47F6-9113-5609E13A588C}.Release|iPhone.ActiveCfg = Release|Any CPU
		{1DD2D626-F726-47F6-9113-5609E13A588C}.Release|iPhone.Build.0 = Release|Any CPU
		{1DD2D626-F726-47F6-9113-5609E13A588C}.Release|iPhoneSimulator.ActiveCfg = Release|Any CPU
		{1DD2D626-F726-47F6-9113-5609E13A588C}.Release|iPhoneSimulator.Build.0 = Release|Any CPU
		{1DD2D626-F726-47F6-9113-5609E13A588C}.Release|x64.ActiveCfg = Release|Any CPU
		{1DD2D626-F726-47F6-9113-5609E13A588C}.Release|x64.Build.0 = Release|Any CPU
		{1DD2D626-F726-47F6-9113-5609E13A588C}.Release|x86.ActiveCfg = Release|Any CPU
		{1DD2D626-F726-47F6-9113-5609E13A588C}.Release|x86.Build.0 = Release|Any CPU
		{03D10FCF-F5FA-41D4-BE6E-DBFA385C330C}.Ad-Hoc|Any CPU.ActiveCfg = Release|Any CPU
		{03D10FCF-F5FA-41D4-BE6E-DBFA385C330C}.Ad-Hoc|Any CPU.Build.0 = Release|Any CPU
		{03D10FCF-F5FA-41D4-BE6E-DBFA385C330C}.Ad-Hoc|ARM.ActiveCfg = Release|Any CPU
		{03D10FCF-F5FA-41D4-BE6E-DBFA385C330C}.Ad-Hoc|ARM.Build.0 = Release|Any CPU
		{03D10FCF-F5FA-41D4-BE6E-DBFA385C330C}.Ad-Hoc|iPhone.ActiveCfg = Release|Any CPU
		{03D10FCF-F5FA-41D4-BE6E-DBFA385C330C}.Ad-Hoc|iPhone.Build.0 = Release|Any CPU
		{03D10FCF-F5FA-41D4-BE6E-DBFA385C330C}.Ad-Hoc|iPhoneSimulator.ActiveCfg = Release|Any CPU
		{03D10FCF-F5FA-41D4-BE6E-DBFA385C330C}.Ad-Hoc|iPhoneSimulator.Build.0 = Release|Any CPU
		{03D10FCF-F5FA-41D4-BE6E-DBFA385C330C}.Ad-Hoc|x64.ActiveCfg = Release|Any CPU
		{03D10FCF-F5FA-41D4-BE6E-DBFA385C330C}.Ad-Hoc|x64.Build.0 = Release|Any CPU
		{03D10FCF-F5FA-41D4-BE6E-DBFA385C330C}.Ad-Hoc|x86.ActiveCfg = Release|Any CPU
		{03D10FCF-F5FA-41D4-BE6E-DBFA385C330C}.Ad-Hoc|x86.Build.0 = Release|Any CPU
		{03D10FCF-F5FA-41D4-BE6E-DBFA385C330C}.AppStore|Any CPU.ActiveCfg = Release|Any CPU
		{03D10FCF-F5FA-41D4-BE6E-DBFA385C330C}.AppStore|Any CPU.Build.0 = Release|Any CPU
		{03D10FCF-F5FA-41D4-BE6E-DBFA385C330C}.AppStore|ARM.ActiveCfg = Release|Any CPU
		{03D10FCF-F5FA-41D4-BE6E-DBFA385C330C}.AppStore|ARM.Build.0 = Release|Any CPU
		{03D10FCF-F5FA-41D4-BE6E-DBFA385C330C}.AppStore|iPhone.ActiveCfg = Release|Any CPU
		{03D10FCF-F5FA-41D4-BE6E-DBFA385C330C}.AppStore|iPhone.Build.0 = Release|Any CPU
		{03D10FCF-F5FA-41D4-BE6E-DBFA385C330C}.AppStore|iPhoneSimulator.ActiveCfg = Release|Any CPU
		{03D10FCF-F5FA-41D4-BE6E-DBFA385C330C}.AppStore|iPhoneSimulator.Build.0 = Release|Any CPU
		{03D10FCF-F5FA-41D4-BE6E-DBFA385C330C}.AppStore|x64.ActiveCfg = Release|Any CPU
		{03D10FCF-F5FA-41D4-BE6E-DBFA385C330C}.AppStore|x64.Build.0 = Release|Any CPU
		{03D10FCF-F5FA-41D4-BE6E-DBFA385C330C}.AppStore|x86.ActiveCfg = Release|Any CPU
		{03D10FCF-F5FA-41D4-BE6E-DBFA385C330C}.AppStore|x86.Build.0 = Release|Any CPU
		{03D10FCF-F5FA-41D4-BE6E-DBFA385C330C}.Debug|Any CPU.ActiveCfg = Debug|Any CPU
		{03D10FCF-F5FA-41D4-BE6E-DBFA385C330C}.Debug|Any CPU.Build.0 = Debug|Any CPU
		{03D10FCF-F5FA-41D4-BE6E-DBFA385C330C}.Debug|ARM.ActiveCfg = Debug|Any CPU
		{03D10FCF-F5FA-41D4-BE6E-DBFA385C330C}.Debug|ARM.Build.0 = Debug|Any CPU
		{03D10FCF-F5FA-41D4-BE6E-DBFA385C330C}.Debug|iPhone.ActiveCfg = Debug|Any CPU
		{03D10FCF-F5FA-41D4-BE6E-DBFA385C330C}.Debug|iPhone.Build.0 = Debug|Any CPU
		{03D10FCF-F5FA-41D4-BE6E-DBFA385C330C}.Debug|iPhoneSimulator.ActiveCfg = Debug|Any CPU
		{03D10FCF-F5FA-41D4-BE6E-DBFA385C330C}.Debug|iPhoneSimulator.Build.0 = Debug|Any CPU
		{03D10FCF-F5FA-41D4-BE6E-DBFA385C330C}.Debug|x64.ActiveCfg = Debug|Any CPU
		{03D10FCF-F5FA-41D4-BE6E-DBFA385C330C}.Debug|x64.Build.0 = Debug|Any CPU
		{03D10FCF-F5FA-41D4-BE6E-DBFA385C330C}.Debug|x86.ActiveCfg = Debug|Any CPU
		{03D10FCF-F5FA-41D4-BE6E-DBFA385C330C}.Debug|x86.Build.0 = Debug|Any CPU
		{03D10FCF-F5FA-41D4-BE6E-DBFA385C330C}.Release|Any CPU.ActiveCfg = Release|Any CPU
		{03D10FCF-F5FA-41D4-BE6E-DBFA385C330C}.Release|Any CPU.Build.0 = Release|Any CPU
		{03D10FCF-F5FA-41D4-BE6E-DBFA385C330C}.Release|ARM.ActiveCfg = Release|Any CPU
		{03D10FCF-F5FA-41D4-BE6E-DBFA385C330C}.Release|ARM.Build.0 = Release|Any CPU
		{03D10FCF-F5FA-41D4-BE6E-DBFA385C330C}.Release|iPhone.ActiveCfg = Release|Any CPU
		{03D10FCF-F5FA-41D4-BE6E-DBFA385C330C}.Release|iPhone.Build.0 = Release|Any CPU
		{03D10FCF-F5FA-41D4-BE6E-DBFA385C330C}.Release|iPhoneSimulator.ActiveCfg = Release|Any CPU
		{03D10FCF-F5FA-41D4-BE6E-DBFA385C330C}.Release|iPhoneSimulator.Build.0 = Release|Any CPU
		{03D10FCF-F5FA-41D4-BE6E-DBFA385C330C}.Release|x64.ActiveCfg = Release|Any CPU
		{03D10FCF-F5FA-41D4-BE6E-DBFA385C330C}.Release|x64.Build.0 = Release|Any CPU
		{03D10FCF-F5FA-41D4-BE6E-DBFA385C330C}.Release|x86.ActiveCfg = Release|Any CPU
		{03D10FCF-F5FA-41D4-BE6E-DBFA385C330C}.Release|x86.Build.0 = Release|Any CPU
		{497006A4-65CA-46C7-9B69-0FF5155BDC09}.Ad-Hoc|Any CPU.ActiveCfg = Release|Any CPU
		{497006A4-65CA-46C7-9B69-0FF5155BDC09}.Ad-Hoc|Any CPU.Build.0 = Release|Any CPU
		{497006A4-65CA-46C7-9B69-0FF5155BDC09}.Ad-Hoc|ARM.ActiveCfg = Release|ARM
		{497006A4-65CA-46C7-9B69-0FF5155BDC09}.Ad-Hoc|ARM.Build.0 = Release|ARM
		{497006A4-65CA-46C7-9B69-0FF5155BDC09}.Ad-Hoc|iPhone.ActiveCfg = Release|Any CPU
		{497006A4-65CA-46C7-9B69-0FF5155BDC09}.Ad-Hoc|iPhone.Build.0 = Release|Any CPU
		{497006A4-65CA-46C7-9B69-0FF5155BDC09}.Ad-Hoc|iPhoneSimulator.ActiveCfg = Release|Any CPU
		{497006A4-65CA-46C7-9B69-0FF5155BDC09}.Ad-Hoc|iPhoneSimulator.Build.0 = Release|Any CPU
		{497006A4-65CA-46C7-9B69-0FF5155BDC09}.Ad-Hoc|x64.ActiveCfg = Release|x64
		{497006A4-65CA-46C7-9B69-0FF5155BDC09}.Ad-Hoc|x64.Build.0 = Release|x64
		{497006A4-65CA-46C7-9B69-0FF5155BDC09}.Ad-Hoc|x86.ActiveCfg = Release|x86
		{497006A4-65CA-46C7-9B69-0FF5155BDC09}.Ad-Hoc|x86.Build.0 = Release|x86
		{497006A4-65CA-46C7-9B69-0FF5155BDC09}.AppStore|Any CPU.ActiveCfg = Release|Any CPU
		{497006A4-65CA-46C7-9B69-0FF5155BDC09}.AppStore|Any CPU.Build.0 = Release|Any CPU
		{497006A4-65CA-46C7-9B69-0FF5155BDC09}.AppStore|ARM.ActiveCfg = Release|ARM
		{497006A4-65CA-46C7-9B69-0FF5155BDC09}.AppStore|ARM.Build.0 = Release|ARM
		{497006A4-65CA-46C7-9B69-0FF5155BDC09}.AppStore|iPhone.ActiveCfg = Release|Any CPU
		{497006A4-65CA-46C7-9B69-0FF5155BDC09}.AppStore|iPhone.Build.0 = Release|Any CPU
		{497006A4-65CA-46C7-9B69-0FF5155BDC09}.AppStore|iPhoneSimulator.ActiveCfg = Release|Any CPU
		{497006A4-65CA-46C7-9B69-0FF5155BDC09}.AppStore|iPhoneSimulator.Build.0 = Release|Any CPU
		{497006A4-65CA-46C7-9B69-0FF5155BDC09}.AppStore|x64.ActiveCfg = Release|x64
		{497006A4-65CA-46C7-9B69-0FF5155BDC09}.AppStore|x64.Build.0 = Release|x64
		{497006A4-65CA-46C7-9B69-0FF5155BDC09}.AppStore|x86.ActiveCfg = Release|x86
		{497006A4-65CA-46C7-9B69-0FF5155BDC09}.AppStore|x86.Build.0 = Release|x86
		{497006A4-65CA-46C7-9B69-0FF5155BDC09}.Debug|Any CPU.ActiveCfg = Debug|Any CPU
		{497006A4-65CA-46C7-9B69-0FF5155BDC09}.Debug|Any CPU.Build.0 = Debug|Any CPU
		{497006A4-65CA-46C7-9B69-0FF5155BDC09}.Debug|ARM.ActiveCfg = Debug|ARM
		{497006A4-65CA-46C7-9B69-0FF5155BDC09}.Debug|ARM.Build.0 = Debug|ARM
		{497006A4-65CA-46C7-9B69-0FF5155BDC09}.Debug|iPhone.ActiveCfg = Debug|Any CPU
		{497006A4-65CA-46C7-9B69-0FF5155BDC09}.Debug|iPhone.Build.0 = Debug|Any CPU
		{497006A4-65CA-46C7-9B69-0FF5155BDC09}.Debug|iPhoneSimulator.ActiveCfg = Debug|Any CPU
		{497006A4-65CA-46C7-9B69-0FF5155BDC09}.Debug|iPhoneSimulator.Build.0 = Debug|Any CPU
		{497006A4-65CA-46C7-9B69-0FF5155BDC09}.Debug|x64.ActiveCfg = Debug|x64
		{497006A4-65CA-46C7-9B69-0FF5155BDC09}.Debug|x64.Build.0 = Debug|x64
		{497006A4-65CA-46C7-9B69-0FF5155BDC09}.Debug|x86.ActiveCfg = Debug|x86
		{497006A4-65CA-46C7-9B69-0FF5155BDC09}.Debug|x86.Build.0 = Debug|x86
		{497006A4-65CA-46C7-9B69-0FF5155BDC09}.Release|Any CPU.ActiveCfg = Release|Any CPU
		{497006A4-65CA-46C7-9B69-0FF5155BDC09}.Release|Any CPU.Build.0 = Release|Any CPU
		{497006A4-65CA-46C7-9B69-0FF5155BDC09}.Release|ARM.ActiveCfg = Release|ARM
		{497006A4-65CA-46C7-9B69-0FF5155BDC09}.Release|ARM.Build.0 = Release|ARM
		{497006A4-65CA-46C7-9B69-0FF5155BDC09}.Release|iPhone.ActiveCfg = Release|Any CPU
		{497006A4-65CA-46C7-9B69-0FF5155BDC09}.Release|iPhone.Build.0 = Release|Any CPU
		{497006A4-65CA-46C7-9B69-0FF5155BDC09}.Release|iPhoneSimulator.ActiveCfg = Release|Any CPU
		{497006A4-65CA-46C7-9B69-0FF5155BDC09}.Release|iPhoneSimulator.Build.0 = Release|Any CPU
		{497006A4-65CA-46C7-9B69-0FF5155BDC09}.Release|x64.ActiveCfg = Release|x64
		{497006A4-65CA-46C7-9B69-0FF5155BDC09}.Release|x64.Build.0 = Release|x64
		{497006A4-65CA-46C7-9B69-0FF5155BDC09}.Release|x86.ActiveCfg = Release|x86
		{497006A4-65CA-46C7-9B69-0FF5155BDC09}.Release|x86.Build.0 = Release|x86
		{5F11FB95-B2D4-4260-9C9A-A2BC5AF052DD}.Ad-Hoc|Any CPU.ActiveCfg = Release|Any CPU
		{5F11FB95-B2D4-4260-9C9A-A2BC5AF052DD}.Ad-Hoc|Any CPU.Build.0 = Release|Any CPU
		{5F11FB95-B2D4-4260-9C9A-A2BC5AF052DD}.Ad-Hoc|ARM.ActiveCfg = Release|Any CPU
		{5F11FB95-B2D4-4260-9C9A-A2BC5AF052DD}.Ad-Hoc|ARM.Build.0 = Release|Any CPU
		{5F11FB95-B2D4-4260-9C9A-A2BC5AF052DD}.Ad-Hoc|iPhone.ActiveCfg = Release|Any CPU
		{5F11FB95-B2D4-4260-9C9A-A2BC5AF052DD}.Ad-Hoc|iPhone.Build.0 = Release|Any CPU
		{5F11FB95-B2D4-4260-9C9A-A2BC5AF052DD}.Ad-Hoc|iPhoneSimulator.ActiveCfg = Release|Any CPU
		{5F11FB95-B2D4-4260-9C9A-A2BC5AF052DD}.Ad-Hoc|iPhoneSimulator.Build.0 = Release|Any CPU
		{5F11FB95-B2D4-4260-9C9A-A2BC5AF052DD}.Ad-Hoc|x64.ActiveCfg = Release|Any CPU
		{5F11FB95-B2D4-4260-9C9A-A2BC5AF052DD}.Ad-Hoc|x64.Build.0 = Release|Any CPU
		{5F11FB95-B2D4-4260-9C9A-A2BC5AF052DD}.Ad-Hoc|x86.ActiveCfg = Release|Any CPU
		{5F11FB95-B2D4-4260-9C9A-A2BC5AF052DD}.Ad-Hoc|x86.Build.0 = Release|Any CPU
		{5F11FB95-B2D4-4260-9C9A-A2BC5AF052DD}.AppStore|Any CPU.ActiveCfg = Release|Any CPU
		{5F11FB95-B2D4-4260-9C9A-A2BC5AF052DD}.AppStore|Any CPU.Build.0 = Release|Any CPU
		{5F11FB95-B2D4-4260-9C9A-A2BC5AF052DD}.AppStore|ARM.ActiveCfg = Release|Any CPU
		{5F11FB95-B2D4-4260-9C9A-A2BC5AF052DD}.AppStore|ARM.Build.0 = Release|Any CPU
		{5F11FB95-B2D4-4260-9C9A-A2BC5AF052DD}.AppStore|iPhone.ActiveCfg = Release|Any CPU
		{5F11FB95-B2D4-4260-9C9A-A2BC5AF052DD}.AppStore|iPhone.Build.0 = Release|Any CPU
		{5F11FB95-B2D4-4260-9C9A-A2BC5AF052DD}.AppStore|iPhoneSimulator.ActiveCfg = Release|Any CPU
		{5F11FB95-B2D4-4260-9C9A-A2BC5AF052DD}.AppStore|iPhoneSimulator.Build.0 = Release|Any CPU
		{5F11FB95-B2D4-4260-9C9A-A2BC5AF052DD}.AppStore|x64.ActiveCfg = Release|Any CPU
		{5F11FB95-B2D4-4260-9C9A-A2BC5AF052DD}.AppStore|x64.Build.0 = Release|Any CPU
		{5F11FB95-B2D4-4260-9C9A-A2BC5AF052DD}.AppStore|x86.ActiveCfg = Release|Any CPU
		{5F11FB95-B2D4-4260-9C9A-A2BC5AF052DD}.AppStore|x86.Build.0 = Release|Any CPU
		{5F11FB95-B2D4-4260-9C9A-A2BC5AF052DD}.Debug|Any CPU.ActiveCfg = Debug|Any CPU
		{5F11FB95-B2D4-4260-9C9A-A2BC5AF052DD}.Debug|Any CPU.Build.0 = Debug|Any CPU
		{5F11FB95-B2D4-4260-9C9A-A2BC5AF052DD}.Debug|ARM.ActiveCfg = Debug|Any CPU
		{5F11FB95-B2D4-4260-9C9A-A2BC5AF052DD}.Debug|ARM.Build.0 = Debug|Any CPU
		{5F11FB95-B2D4-4260-9C9A-A2BC5AF052DD}.Debug|iPhone.ActiveCfg = Debug|Any CPU
		{5F11FB95-B2D4-4260-9C9A-A2BC5AF052DD}.Debug|iPhone.Build.0 = Debug|Any CPU
		{5F11FB95-B2D4-4260-9C9A-A2BC5AF052DD}.Debug|iPhoneSimulator.ActiveCfg = Debug|Any CPU
		{5F11FB95-B2D4-4260-9C9A-A2BC5AF052DD}.Debug|iPhoneSimulator.Build.0 = Debug|Any CPU
		{5F11FB95-B2D4-4260-9C9A-A2BC5AF052DD}.Debug|x64.ActiveCfg = Debug|Any CPU
		{5F11FB95-B2D4-4260-9C9A-A2BC5AF052DD}.Debug|x64.Build.0 = Debug|Any CPU
		{5F11FB95-B2D4-4260-9C9A-A2BC5AF052DD}.Debug|x86.ActiveCfg = Debug|Any CPU
		{5F11FB95-B2D4-4260-9C9A-A2BC5AF052DD}.Debug|x86.Build.0 = Debug|Any CPU
		{5F11FB95-B2D4-4260-9C9A-A2BC5AF052DD}.Release|Any CPU.ActiveCfg = Release|Any CPU
		{5F11FB95-B2D4-4260-9C9A-A2BC5AF052DD}.Release|Any CPU.Build.0 = Release|Any CPU
		{5F11FB95-B2D4-4260-9C9A-A2BC5AF052DD}.Release|ARM.ActiveCfg = Release|Any CPU
		{5F11FB95-B2D4-4260-9C9A-A2BC5AF052DD}.Release|ARM.Build.0 = Release|Any CPU
		{5F11FB95-B2D4-4260-9C9A-A2BC5AF052DD}.Release|iPhone.ActiveCfg = Release|Any CPU
		{5F11FB95-B2D4-4260-9C9A-A2BC5AF052DD}.Release|iPhone.Build.0 = Release|Any CPU
		{5F11FB95-B2D4-4260-9C9A-A2BC5AF052DD}.Release|iPhoneSimulator.ActiveCfg = Release|Any CPU
		{5F11FB95-B2D4-4260-9C9A-A2BC5AF052DD}.Release|iPhoneSimulator.Build.0 = Release|Any CPU
		{5F11FB95-B2D4-4260-9C9A-A2BC5AF052DD}.Release|x64.ActiveCfg = Release|Any CPU
		{5F11FB95-B2D4-4260-9C9A-A2BC5AF052DD}.Release|x64.Build.0 = Release|Any CPU
		{5F11FB95-B2D4-4260-9C9A-A2BC5AF052DD}.Release|x86.ActiveCfg = Release|Any CPU
		{5F11FB95-B2D4-4260-9C9A-A2BC5AF052DD}.Release|x86.Build.0 = Release|Any CPU
		{13E72482-280A-4814-806E-BE05B2EE4963}.Ad-Hoc|Any CPU.ActiveCfg = Release|Any CPU
		{13E72482-280A-4814-806E-BE05B2EE4963}.Ad-Hoc|Any CPU.Build.0 = Release|Any CPU
		{13E72482-280A-4814-806E-BE05B2EE4963}.Ad-Hoc|ARM.ActiveCfg = Release|Any CPU
		{13E72482-280A-4814-806E-BE05B2EE4963}.Ad-Hoc|ARM.Build.0 = Release|Any CPU
		{13E72482-280A-4814-806E-BE05B2EE4963}.Ad-Hoc|iPhone.ActiveCfg = Release|Any CPU
		{13E72482-280A-4814-806E-BE05B2EE4963}.Ad-Hoc|iPhone.Build.0 = Release|Any CPU
		{13E72482-280A-4814-806E-BE05B2EE4963}.Ad-Hoc|iPhoneSimulator.ActiveCfg = Release|Any CPU
		{13E72482-280A-4814-806E-BE05B2EE4963}.Ad-Hoc|iPhoneSimulator.Build.0 = Release|Any CPU
		{13E72482-280A-4814-806E-BE05B2EE4963}.Ad-Hoc|x64.ActiveCfg = Release|Any CPU
		{13E72482-280A-4814-806E-BE05B2EE4963}.Ad-Hoc|x64.Build.0 = Release|Any CPU
		{13E72482-280A-4814-806E-BE05B2EE4963}.Ad-Hoc|x86.ActiveCfg = Release|Any CPU
		{13E72482-280A-4814-806E-BE05B2EE4963}.Ad-Hoc|x86.Build.0 = Release|Any CPU
		{13E72482-280A-4814-806E-BE05B2EE4963}.AppStore|Any CPU.ActiveCfg = Release|Any CPU
		{13E72482-280A-4814-806E-BE05B2EE4963}.AppStore|Any CPU.Build.0 = Release|Any CPU
		{13E72482-280A-4814-806E-BE05B2EE4963}.AppStore|ARM.ActiveCfg = Release|Any CPU
		{13E72482-280A-4814-806E-BE05B2EE4963}.AppStore|ARM.Build.0 = Release|Any CPU
		{13E72482-280A-4814-806E-BE05B2EE4963}.AppStore|iPhone.ActiveCfg = Release|Any CPU
		{13E72482-280A-4814-806E-BE05B2EE4963}.AppStore|iPhone.Build.0 = Release|Any CPU
		{13E72482-280A-4814-806E-BE05B2EE4963}.AppStore|iPhoneSimulator.ActiveCfg = Release|Any CPU
		{13E72482-280A-4814-806E-BE05B2EE4963}.AppStore|iPhoneSimulator.Build.0 = Release|Any CPU
		{13E72482-280A-4814-806E-BE05B2EE4963}.AppStore|x64.ActiveCfg = Release|Any CPU
		{13E72482-280A-4814-806E-BE05B2EE4963}.AppStore|x64.Build.0 = Release|Any CPU
		{13E72482-280A-4814-806E-BE05B2EE4963}.AppStore|x86.ActiveCfg = Release|Any CPU
		{13E72482-280A-4814-806E-BE05B2EE4963}.AppStore|x86.Build.0 = Release|Any CPU
		{13E72482-280A-4814-806E-BE05B2EE4963}.Debug|Any CPU.ActiveCfg = Debug|Any CPU
		{13E72482-280A-4814-806E-BE05B2EE4963}.Debug|Any CPU.Build.0 = Debug|Any CPU
		{13E72482-280A-4814-806E-BE05B2EE4963}.Debug|ARM.ActiveCfg = Debug|Any CPU
		{13E72482-280A-4814-806E-BE05B2EE4963}.Debug|ARM.Build.0 = Debug|Any CPU
		{13E72482-280A-4814-806E-BE05B2EE4963}.Debug|iPhone.ActiveCfg = Debug|Any CPU
		{13E72482-280A-4814-806E-BE05B2EE4963}.Debug|iPhone.Build.0 = Debug|Any CPU
		{13E72482-280A-4814-806E-BE05B2EE4963}.Debug|iPhoneSimulator.ActiveCfg = Debug|Any CPU
		{13E72482-280A-4814-806E-BE05B2EE4963}.Debug|iPhoneSimulator.Build.0 = Debug|Any CPU
		{13E72482-280A-4814-806E-BE05B2EE4963}.Debug|x64.ActiveCfg = Debug|Any CPU
		{13E72482-280A-4814-806E-BE05B2EE4963}.Debug|x64.Build.0 = Debug|Any CPU
		{13E72482-280A-4814-806E-BE05B2EE4963}.Debug|x86.ActiveCfg = Debug|Any CPU
		{13E72482-280A-4814-806E-BE05B2EE4963}.Debug|x86.Build.0 = Debug|Any CPU
		{13E72482-280A-4814-806E-BE05B2EE4963}.Release|Any CPU.ActiveCfg = Release|Any CPU
		{13E72482-280A-4814-806E-BE05B2EE4963}.Release|Any CPU.Build.0 = Release|Any CPU
		{13E72482-280A-4814-806E-BE05B2EE4963}.Release|ARM.ActiveCfg = Release|Any CPU
		{13E72482-280A-4814-806E-BE05B2EE4963}.Release|ARM.Build.0 = Release|Any CPU
		{13E72482-280A-4814-806E-BE05B2EE4963}.Release|iPhone.ActiveCfg = Release|Any CPU
		{13E72482-280A-4814-806E-BE05B2EE4963}.Release|iPhone.Build.0 = Release|Any CPU
		{13E72482-280A-4814-806E-BE05B2EE4963}.Release|iPhoneSimulator.ActiveCfg = Release|Any CPU
		{13E72482-280A-4814-806E-BE05B2EE4963}.Release|iPhoneSimulator.Build.0 = Release|Any CPU
		{13E72482-280A-4814-806E-BE05B2EE4963}.Release|x64.ActiveCfg = Release|Any CPU
		{13E72482-280A-4814-806E-BE05B2EE4963}.Release|x64.Build.0 = Release|Any CPU
		{13E72482-280A-4814-806E-BE05B2EE4963}.Release|x86.ActiveCfg = Release|Any CPU
		{13E72482-280A-4814-806E-BE05B2EE4963}.Release|x86.Build.0 = Release|Any CPU
		{45E5971F-6C23-483B-B535-B5FB4BAFF64C}.Ad-Hoc|Any CPU.ActiveCfg = Release|x64
		{45E5971F-6C23-483B-B535-B5FB4BAFF64C}.Ad-Hoc|Any CPU.Build.0 = Release|x64
		{45E5971F-6C23-483B-B535-B5FB4BAFF64C}.Ad-Hoc|Any CPU.Deploy.0 = Release|x64
		{45E5971F-6C23-483B-B535-B5FB4BAFF64C}.Ad-Hoc|ARM.ActiveCfg = Release|ARM
		{45E5971F-6C23-483B-B535-B5FB4BAFF64C}.Ad-Hoc|ARM.Build.0 = Release|ARM
		{45E5971F-6C23-483B-B535-B5FB4BAFF64C}.Ad-Hoc|ARM.Deploy.0 = Release|ARM
		{45E5971F-6C23-483B-B535-B5FB4BAFF64C}.Ad-Hoc|iPhone.ActiveCfg = Release|x64
		{45E5971F-6C23-483B-B535-B5FB4BAFF64C}.Ad-Hoc|iPhone.Build.0 = Release|x64
		{45E5971F-6C23-483B-B535-B5FB4BAFF64C}.Ad-Hoc|iPhone.Deploy.0 = Release|x64
		{45E5971F-6C23-483B-B535-B5FB4BAFF64C}.Ad-Hoc|iPhoneSimulator.ActiveCfg = Release|x64
		{45E5971F-6C23-483B-B535-B5FB4BAFF64C}.Ad-Hoc|iPhoneSimulator.Build.0 = Release|x64
		{45E5971F-6C23-483B-B535-B5FB4BAFF64C}.Ad-Hoc|iPhoneSimulator.Deploy.0 = Release|x64
		{45E5971F-6C23-483B-B535-B5FB4BAFF64C}.Ad-Hoc|x64.ActiveCfg = Release|x64
		{45E5971F-6C23-483B-B535-B5FB4BAFF64C}.Ad-Hoc|x64.Build.0 = Release|x64
		{45E5971F-6C23-483B-B535-B5FB4BAFF64C}.Ad-Hoc|x64.Deploy.0 = Release|x64
		{45E5971F-6C23-483B-B535-B5FB4BAFF64C}.Ad-Hoc|x86.ActiveCfg = Release|x86
		{45E5971F-6C23-483B-B535-B5FB4BAFF64C}.Ad-Hoc|x86.Build.0 = Release|x86
		{45E5971F-6C23-483B-B535-B5FB4BAFF64C}.Ad-Hoc|x86.Deploy.0 = Release|x86
		{45E5971F-6C23-483B-B535-B5FB4BAFF64C}.AppStore|Any CPU.ActiveCfg = Release|x64
		{45E5971F-6C23-483B-B535-B5FB4BAFF64C}.AppStore|Any CPU.Build.0 = Release|x64
		{45E5971F-6C23-483B-B535-B5FB4BAFF64C}.AppStore|Any CPU.Deploy.0 = Release|x64
		{45E5971F-6C23-483B-B535-B5FB4BAFF64C}.AppStore|ARM.ActiveCfg = Release|ARM
		{45E5971F-6C23-483B-B535-B5FB4BAFF64C}.AppStore|ARM.Build.0 = Release|ARM
		{45E5971F-6C23-483B-B535-B5FB4BAFF64C}.AppStore|ARM.Deploy.0 = Release|ARM
		{45E5971F-6C23-483B-B535-B5FB4BAFF64C}.AppStore|iPhone.ActiveCfg = Release|x64
		{45E5971F-6C23-483B-B535-B5FB4BAFF64C}.AppStore|iPhone.Build.0 = Release|x64
		{45E5971F-6C23-483B-B535-B5FB4BAFF64C}.AppStore|iPhone.Deploy.0 = Release|x64
		{45E5971F-6C23-483B-B535-B5FB4BAFF64C}.AppStore|iPhoneSimulator.ActiveCfg = Release|x64
		{45E5971F-6C23-483B-B535-B5FB4BAFF64C}.AppStore|iPhoneSimulator.Build.0 = Release|x64
		{45E5971F-6C23-483B-B535-B5FB4BAFF64C}.AppStore|iPhoneSimulator.Deploy.0 = Release|x64
		{45E5971F-6C23-483B-B535-B5FB4BAFF64C}.AppStore|x64.ActiveCfg = Release|x64
		{45E5971F-6C23-483B-B535-B5FB4BAFF64C}.AppStore|x64.Build.0 = Release|x64
		{45E5971F-6C23-483B-B535-B5FB4BAFF64C}.AppStore|x64.Deploy.0 = Release|x64
		{45E5971F-6C23-483B-B535-B5FB4BAFF64C}.AppStore|x86.ActiveCfg = Release|x86
		{45E5971F-6C23-483B-B535-B5FB4BAFF64C}.AppStore|x86.Build.0 = Release|x86
		{45E5971F-6C23-483B-B535-B5FB4BAFF64C}.AppStore|x86.Deploy.0 = Release|x86
		{45E5971F-6C23-483B-B535-B5FB4BAFF64C}.Debug|Any CPU.ActiveCfg = Debug|x86
		{45E5971F-6C23-483B-B535-B5FB4BAFF64C}.Debug|Any CPU.Build.0 = Debug|x86
		{45E5971F-6C23-483B-B535-B5FB4BAFF64C}.Debug|Any CPU.Deploy.0 = Debug|x86
		{45E5971F-6C23-483B-B535-B5FB4BAFF64C}.Debug|ARM.ActiveCfg = Debug|ARM
		{45E5971F-6C23-483B-B535-B5FB4BAFF64C}.Debug|ARM.Build.0 = Debug|ARM
		{45E5971F-6C23-483B-B535-B5FB4BAFF64C}.Debug|ARM.Deploy.0 = Debug|ARM
		{45E5971F-6C23-483B-B535-B5FB4BAFF64C}.Debug|iPhone.ActiveCfg = Debug|x86
		{45E5971F-6C23-483B-B535-B5FB4BAFF64C}.Debug|iPhoneSimulator.ActiveCfg = Debug|x86
		{45E5971F-6C23-483B-B535-B5FB4BAFF64C}.Debug|x64.ActiveCfg = Debug|x64
		{45E5971F-6C23-483B-B535-B5FB4BAFF64C}.Debug|x64.Build.0 = Debug|x64
		{45E5971F-6C23-483B-B535-B5FB4BAFF64C}.Debug|x64.Deploy.0 = Debug|x64
		{45E5971F-6C23-483B-B535-B5FB4BAFF64C}.Debug|x86.ActiveCfg = Debug|x86
		{45E5971F-6C23-483B-B535-B5FB4BAFF64C}.Debug|x86.Build.0 = Debug|x86
		{45E5971F-6C23-483B-B535-B5FB4BAFF64C}.Debug|x86.Deploy.0 = Debug|x86
		{45E5971F-6C23-483B-B535-B5FB4BAFF64C}.Release|Any CPU.ActiveCfg = Release|x86
		{45E5971F-6C23-483B-B535-B5FB4BAFF64C}.Release|ARM.ActiveCfg = Release|ARM
		{45E5971F-6C23-483B-B535-B5FB4BAFF64C}.Release|ARM.Build.0 = Release|ARM
		{45E5971F-6C23-483B-B535-B5FB4BAFF64C}.Release|ARM.Deploy.0 = Release|ARM
		{45E5971F-6C23-483B-B535-B5FB4BAFF64C}.Release|iPhone.ActiveCfg = Release|x86
		{45E5971F-6C23-483B-B535-B5FB4BAFF64C}.Release|iPhoneSimulator.ActiveCfg = Release|x86
		{45E5971F-6C23-483B-B535-B5FB4BAFF64C}.Release|x64.ActiveCfg = Release|x64
		{45E5971F-6C23-483B-B535-B5FB4BAFF64C}.Release|x64.Build.0 = Release|x64
		{45E5971F-6C23-483B-B535-B5FB4BAFF64C}.Release|x64.Deploy.0 = Release|x64
		{45E5971F-6C23-483B-B535-B5FB4BAFF64C}.Release|x86.ActiveCfg = Release|x86
		{45E5971F-6C23-483B-B535-B5FB4BAFF64C}.Release|x86.Build.0 = Release|x86
		{45E5971F-6C23-483B-B535-B5FB4BAFF64C}.Release|x86.Deploy.0 = Release|x86
		{E83B251B-676E-4109-B1A7-E101AB3F0637}.Ad-Hoc|Any CPU.ActiveCfg = Release|Any CPU
		{E83B251B-676E-4109-B1A7-E101AB3F0637}.Ad-Hoc|Any CPU.Build.0 = Release|Any CPU
		{E83B251B-676E-4109-B1A7-E101AB3F0637}.Ad-Hoc|ARM.ActiveCfg = Release|Any CPU
		{E83B251B-676E-4109-B1A7-E101AB3F0637}.Ad-Hoc|ARM.Build.0 = Release|Any CPU
		{E83B251B-676E-4109-B1A7-E101AB3F0637}.Ad-Hoc|iPhone.ActiveCfg = Release|Any CPU
		{E83B251B-676E-4109-B1A7-E101AB3F0637}.Ad-Hoc|iPhone.Build.0 = Release|Any CPU
		{E83B251B-676E-4109-B1A7-E101AB3F0637}.Ad-Hoc|iPhoneSimulator.ActiveCfg = Release|Any CPU
		{E83B251B-676E-4109-B1A7-E101AB3F0637}.Ad-Hoc|iPhoneSimulator.Build.0 = Release|Any CPU
		{E83B251B-676E-4109-B1A7-E101AB3F0637}.Ad-Hoc|x64.ActiveCfg = Release|Any CPU
		{E83B251B-676E-4109-B1A7-E101AB3F0637}.Ad-Hoc|x64.Build.0 = Release|Any CPU
		{E83B251B-676E-4109-B1A7-E101AB3F0637}.Ad-Hoc|x86.ActiveCfg = Release|Any CPU
		{E83B251B-676E-4109-B1A7-E101AB3F0637}.Ad-Hoc|x86.Build.0 = Release|Any CPU
		{E83B251B-676E-4109-B1A7-E101AB3F0637}.AppStore|Any CPU.ActiveCfg = Release|Any CPU
		{E83B251B-676E-4109-B1A7-E101AB3F0637}.AppStore|Any CPU.Build.0 = Release|Any CPU
		{E83B251B-676E-4109-B1A7-E101AB3F0637}.AppStore|ARM.ActiveCfg = Release|Any CPU
		{E83B251B-676E-4109-B1A7-E101AB3F0637}.AppStore|ARM.Build.0 = Release|Any CPU
		{E83B251B-676E-4109-B1A7-E101AB3F0637}.AppStore|iPhone.ActiveCfg = Release|Any CPU
		{E83B251B-676E-4109-B1A7-E101AB3F0637}.AppStore|iPhone.Build.0 = Release|Any CPU
		{E83B251B-676E-4109-B1A7-E101AB3F0637}.AppStore|iPhoneSimulator.ActiveCfg = Release|Any CPU
		{E83B251B-676E-4109-B1A7-E101AB3F0637}.AppStore|iPhoneSimulator.Build.0 = Release|Any CPU
		{E83B251B-676E-4109-B1A7-E101AB3F0637}.AppStore|x64.ActiveCfg = Release|Any CPU
		{E83B251B-676E-4109-B1A7-E101AB3F0637}.AppStore|x64.Build.0 = Release|Any CPU
		{E83B251B-676E-4109-B1A7-E101AB3F0637}.AppStore|x86.ActiveCfg = Release|Any CPU
		{E83B251B-676E-4109-B1A7-E101AB3F0637}.AppStore|x86.Build.0 = Release|Any CPU
		{E83B251B-676E-4109-B1A7-E101AB3F0637}.Debug|Any CPU.ActiveCfg = Debug|Any CPU
		{E83B251B-676E-4109-B1A7-E101AB3F0637}.Debug|Any CPU.Build.0 = Debug|Any CPU
		{E83B251B-676E-4109-B1A7-E101AB3F0637}.Debug|ARM.ActiveCfg = Debug|Any CPU
		{E83B251B-676E-4109-B1A7-E101AB3F0637}.Debug|ARM.Build.0 = Debug|Any CPU
		{E83B251B-676E-4109-B1A7-E101AB3F0637}.Debug|iPhone.ActiveCfg = Debug|Any CPU
		{E83B251B-676E-4109-B1A7-E101AB3F0637}.Debug|iPhone.Build.0 = Debug|Any CPU
		{E83B251B-676E-4109-B1A7-E101AB3F0637}.Debug|iPhoneSimulator.ActiveCfg = Debug|Any CPU
		{E83B251B-676E-4109-B1A7-E101AB3F0637}.Debug|iPhoneSimulator.Build.0 = Debug|Any CPU
		{E83B251B-676E-4109-B1A7-E101AB3F0637}.Debug|x64.ActiveCfg = Debug|Any CPU
		{E83B251B-676E-4109-B1A7-E101AB3F0637}.Debug|x64.Build.0 = Debug|Any CPU
		{E83B251B-676E-4109-B1A7-E101AB3F0637}.Debug|x86.ActiveCfg = Debug|Any CPU
		{E83B251B-676E-4109-B1A7-E101AB3F0637}.Debug|x86.Build.0 = Debug|Any CPU
		{E83B251B-676E-4109-B1A7-E101AB3F0637}.Release|Any CPU.ActiveCfg = Release|Any CPU
		{E83B251B-676E-4109-B1A7-E101AB3F0637}.Release|Any CPU.Build.0 = Release|Any CPU
		{E83B251B-676E-4109-B1A7-E101AB3F0637}.Release|ARM.ActiveCfg = Release|Any CPU
		{E83B251B-676E-4109-B1A7-E101AB3F0637}.Release|ARM.Build.0 = Release|Any CPU
		{E83B251B-676E-4109-B1A7-E101AB3F0637}.Release|iPhone.ActiveCfg = Release|Any CPU
		{E83B251B-676E-4109-B1A7-E101AB3F0637}.Release|iPhone.Build.0 = Release|Any CPU
		{E83B251B-676E-4109-B1A7-E101AB3F0637}.Release|iPhoneSimulator.ActiveCfg = Release|Any CPU
		{E83B251B-676E-4109-B1A7-E101AB3F0637}.Release|iPhoneSimulator.Build.0 = Release|Any CPU
		{E83B251B-676E-4109-B1A7-E101AB3F0637}.Release|x64.ActiveCfg = Release|Any CPU
		{E83B251B-676E-4109-B1A7-E101AB3F0637}.Release|x64.Build.0 = Release|Any CPU
		{E83B251B-676E-4109-B1A7-E101AB3F0637}.Release|x86.ActiveCfg = Release|Any CPU
		{E83B251B-676E-4109-B1A7-E101AB3F0637}.Release|x86.Build.0 = Release|Any CPU
	EndGlobalSection
	GlobalSection(SolutionProperties) = preSolution
		HideSolutionNode = FALSE
	EndGlobalSection
	GlobalSection(NestedProjects) = preSolution
		{3527AD7B-BDC6-4848-A7F6-401644AD711E} = {4BBD553B-38CC-4853-9A8D-6180ED26082A}
		{AFC7F3FD-C561-4682-A024-8892486B4405} = {4BBD553B-38CC-4853-9A8D-6180ED26082A}
		{1DD2D626-F726-47F6-9113-5609E13A588C} = {4BBD553B-38CC-4853-9A8D-6180ED26082A}
		{03D10FCF-F5FA-41D4-BE6E-DBFA385C330C} = {C606466A-9152-47E3-9E40-2EF5D63DFD6D}
		{497006A4-65CA-46C7-9B69-0FF5155BDC09} = {C606466A-9152-47E3-9E40-2EF5D63DFD6D}
		{5F11FB95-B2D4-4260-9C9A-A2BC5AF052DD} = {C606466A-9152-47E3-9E40-2EF5D63DFD6D}
		{13E72482-280A-4814-806E-BE05B2EE4963} = {CBA7884A-83B2-4064-AE08-894D627368EA}
		{45E5971F-6C23-483B-B535-B5FB4BAFF64C} = {CBA7884A-83B2-4064-AE08-894D627368EA}
		{E83B251B-676E-4109-B1A7-E101AB3F0637} = {89C542CB-AC08-4085-A5D6-6A6F2ED31623}
	EndGlobalSection
EndGlobal
